
Microsoft Visual Studio Solution File, Format Version 12.00
# Visual Studio Version 17
VisualStudioVersion = 17.4.33403.182
MinimumVisualStudioVersion = 10.0.40219.1
Project("{9A19103F-16F7-4668-BE54-9A1E7A4F7556}") = "DbController", "DbController\DbController.csproj", "{09ED4421-9464-48A9-949F-9FC3EAD1163F}"
EndProject
Project("{9A19103F-16F7-4668-BE54-9A1E7A4F7556}") = "DbController.MySql", "DbController.MySql\DbController.MySql.csproj", "{3A357A7A-7EE5-4F41-8A50-CB36458434A7}"
EndProject
Project("{9A19103F-16F7-4668-BE54-9A1E7A4F7556}") = "DbController.SqlServer", "DbController.SqlServer\DbController.SqlServer.csproj", "{19C2BBC0-D863-40A7-887C-8C80BA545079}"
EndProject
Project("{2150E333-8FDC-42A3-9474-1A3956D46DE8}") = "Projektmappenelemente", "Projektmappenelemente", "{5067A7F7-D740-4A96-9184-1C0AF6BD9B0C}"
	ProjectSection(SolutionItems) = preProject
		README.MD = README.MD
	EndProjectSection
EndProject
Project("{FAE04EC0-301F-11D3-BF4B-00C04F79EFBC}") = "DbController.TypeHandler", "DbController.TypeHandler\DbController.TypeHandler.csproj", "{01E0A875-BE60-4E42-B2A3-4949CB2A03F8}"
EndProject
Global
	GlobalSection(SolutionConfigurationPlatforms) = preSolution
		Debug|Any CPU = Debug|Any CPU
		Release|Any CPU = Release|Any CPU
	EndGlobalSection
	GlobalSection(ProjectConfigurationPlatforms) = postSolution
		{09ED4421-9464-48A9-949F-9FC3EAD1163F}.Debug|Any CPU.ActiveCfg = Debug|Any CPU
		{09ED4421-9464-48A9-949F-9FC3EAD1163F}.Debug|Any CPU.Build.0 = Debug|Any CPU
		{09ED4421-9464-48A9-949F-9FC3EAD1163F}.Release|Any CPU.ActiveCfg = Release|Any CPU
		{09ED4421-9464-48A9-949F-9FC3EAD1163F}.Release|Any CPU.Build.0 = Release|Any CPU
		{3A357A7A-7EE5-4F41-8A50-CB36458434A7}.Debug|Any CPU.ActiveCfg = Debug|Any CPU
		{3A357A7A-7EE5-4F41-8A50-CB36458434A7}.Debug|Any CPU.Build.0 = Debug|Any CPU
		{3A357A7A-7EE5-4F41-8A50-CB36458434A7}.Release|Any CPU.ActiveCfg = Release|Any CPU
		{3A357A7A-7EE5-4F41-8A50-CB36458434A7}.Release|Any CPU.Build.0 = Release|Any CPU
		{19C2BBC0-D863-40A7-887C-8C80BA545079}.Debug|Any CPU.ActiveCfg = Debug|Any CPU
		{19C2BBC0-D863-40A7-887C-8C80BA545079}.Debug|Any CPU.Build.0 = Debug|Any CPU
		{19C2BBC0-D863-40A7-887C-8C80BA545079}.Release|Any CPU.ActiveCfg = Release|Any CPU
		{19C2BBC0-D863-40A7-887C-8C80BA545079}.Release|Any CPU.Build.0 = Release|Any CPU
		{01E0A875-BE60-4E42-B2A3-4949CB2A03F8}.Debug|Any CPU.ActiveCfg = Debug|Any CPU
		{01E0A875-BE60-4E42-B2A3-4949CB2A03F8}.Debug|Any CPU.Build.0 = Debug|Any CPU
		{01E0A875-BE60-4E42-B2A3-4949CB2A03F8}.Release|Any CPU.ActiveCfg = Release|Any CPU
		{01E0A875-BE60-4E42-B2A3-4949CB2A03F8}.Release|Any CPU.Build.0 = Release|Any CPU
	EndGlobalSection
	GlobalSection(SolutionProperties) = preSolution
		HideSolutionNode = FALSE
	EndGlobalSection
	GlobalSection(ExtensibilityGlobals) = postSolution
		SolutionGuid = {1F279CE2-B6AB-47EC-95E6-4BB1BE630C15}
	EndGlobalSection
EndGlobal
